// !$*UTF8*$!
{
	archiveVersion = 1;
	classes = {
	};
	objectVersion = 50;
	objects = {

/* Begin PBXBuildFile section */
		7966139D24A2A8B800FD5114 /* AppDelegate.m in Sources */ = {isa = PBXBuildFile; fileRef = 7966139C24A2A8B800FD5114 /* AppDelegate.m */; };
		796613A024A2A8B800FD5114 /* SceneDelegate.m in Sources */ = {isa = PBXBuildFile; fileRef = 7966139F24A2A8B800FD5114 /* SceneDelegate.m */; };
		796613A324A2A8B800FD5114 /* ViewController.m in Sources */ = {isa = PBXBuildFile; fileRef = 796613A224A2A8B800FD5114 /* ViewController.m */; };
		796613A624A2A8B800FD5114 /* Main.storyboard in Resources */ = {isa = PBXBuildFile; fileRef = 796613A424A2A8B800FD5114 /* Main.storyboard */; };
		796613A824A2A8BA00FD5114 /* Assets.xcassets in Resources */ = {isa = PBXBuildFile; fileRef = 796613A724A2A8BA00FD5114 /* Assets.xcassets */; };
		796613AB24A2A8BA00FD5114 /* LaunchScreen.storyboard in Resources */ = {isa = PBXBuildFile; fileRef = 796613A924A2A8BA00FD5114 /* LaunchScreen.storyboard */; };
		796613AE24A2A8BA00FD5114 /* main.m in Sources */ = {isa = PBXBuildFile; fileRef = 796613AD24A2A8BA00FD5114 /* main.m */; };
		796613B824A2A8BA00FD5114 /* TippyTests.m in Sources */ = {isa = PBXBuildFile; fileRef = 796613B724A2A8BA00FD5114 /* TippyTests.m */; };
		796613C324A2A8BA00FD5114 /* TippyUITests.m in Sources */ = {isa = PBXBuildFile; fileRef = 796613C224A2A8BA00FD5114 /* TippyUITests.m */; };
/* End PBXBuildFile section */

/* Begin PBXContainerItemProxy section */
		796613B424A2A8BA00FD5114 /* PBXContainerItemProxy */ = {
			isa = PBXContainerItemProxy;
			containerPortal = 7966139024A2A8B800FD5114 /* Project object */;
			proxyType = 1;
			remoteGlobalIDString = 7966139724A2A8B800FD5114;
			remoteInfo = Tippy;
		};
		796613BF24A2A8BA00FD5114 /* PBXContainerItemProxy */ = {
			isa = PBXContainerItemProxy;
			containerPortal = 7966139024A2A8B800FD5114 /* Project object */;
			proxyType = 1;
			remoteGlobalIDString = 7966139724A2A8B800FD5114;
			remoteInfo = Tippy;
		};
/* End PBXContainerItemProxy section */

/* Begin PBXFileReference section */
		7966139824A2A8B800FD5114 /* Tippy.app */ = {isa = PBXFileReference; explicitFileType = wrapper.application; includeInIndex = 0; path = Tippy.app; sourceTree = BUILT_PRODUCTS_DIR; };
		7966139B24A2A8B800FD5114 /* AppDelegate.h */ = {isa = PBXFileReference; lastKnownFileType = sourcecode.c.h; path = AppDelegate.h; sourceTree = "<group>"; };
		7966139C24A2A8B800FD5114 /* AppDelegate.m */ = {isa = PBXFileReference; lastKnownFileType = sourcecode.c.objc; path = AppDelegate.m; sourceTree = "<group>"; };
		7966139E24A2A8B800FD5114 /* SceneDelegate.h */ = {isa = PBXFileReference; lastKnownFileType = sourcecode.c.h; path = SceneDelegate.h; sourceTree = "<group>"; };
		7966139F24A2A8B800FD5114 /* SceneDelegate.m */ = {isa = PBXFileReference; lastKnownFileType = sourcecode.c.objc; path = SceneDelegate.m; sourceTree = "<group>"; };
		796613A124A2A8B800FD5114 /* ViewController.h */ = {isa = PBXFileReference; lastKnownFileType = sourcecode.c.h; path = ViewController.h; sourceTree = "<group>"; };
		796613A224A2A8B800FD5114 /* ViewController.m */ = {isa = PBXFileReference; lastKnownFileType = sourcecode.c.objc; path = ViewController.m; sourceTree = "<group>"; };
		796613A524A2A8B800FD5114 /* Base */ = {isa = PBXFileReference; lastKnownFileType = file.storyboard; name = Base; path = Base.lproj/Main.storyboard; sourceTree = "<group>"; };
		796613A724A2A8BA00FD5114 /* Assets.xcassets */ = {isa = PBXFileReference; lastKnownFileType = folder.assetcatalog; path = Assets.xcassets; sourceTree = "<group>"; };
		796613AA24A2A8BA00FD5114 /* Base */ = {isa = PBXFileReference; lastKnownFileType = file.storyboard; name = Base; path = Base.lproj/LaunchScreen.storyboard; sourceTree = "<group>"; };
		796613AC24A2A8BA00FD5114 /* Info.plist */ = {isa = PBXFileReference; lastKnownFileType = text.plist.xml; path = Info.plist; sourceTree = "<group>"; };
		796613AD24A2A8BA00FD5114 /* main.m */ = {isa = PBXFileReference; lastKnownFileType = sourcecode.c.objc; path = main.m; sourceTree = "<group>"; };
		796613B324A2A8BA00FD5114 /* TippyTests.xctest */ = {isa = PBXFileReference; explicitFileType = wrapper.cfbundle; includeInIndex = 0; path = TippyTests.xctest; sourceTree = BUILT_PRODUCTS_DIR; };
		796613B724A2A8BA00FD5114 /* TippyTests.m */ = {isa = PBXFileReference; lastKnownFileType = sourcecode.c.objc; path = TippyTests.m; sourceTree = "<group>"; };
		796613B924A2A8BA00FD5114 /* Info.plist */ = {isa = PBXFileReference; lastKnownFileType = text.plist.xml; path = Info.plist; sourceTree = "<group>"; };
		796613BE24A2A8BA00FD5114 /* TippyUITests.xctest */ = {isa = PBXFileReference; explicitFileType = wrapper.cfbundle; includeInIndex = 0; path = TippyUITests.xctest; sourceTree = BUILT_PRODUCTS_DIR; };
		796613C224A2A8BA00FD5114 /* TippyUITests.m */ = {isa = PBXFileReference; lastKnownFileType = sourcecode.c.objc; path = TippyUITests.m; sourceTree = "<group>"; };
		796613C424A2A8BA00FD5114 /* Info.plist */ = {isa = PBXFileReference; lastKnownFileType = text.plist.xml; path = Info.plist; sourceTree = "<group>"; };
/* End PBXFileReference section */

/* Begin PBXFrameworksBuildPhase section */
		7966139524A2A8B800FD5114 /* Frameworks */ = {
			isa = PBXFrameworksBuildPhase;
			buildActionMask = 2147483647;
			files = (
			);
			runOnlyForDeploymentPostprocessing = 0;
		};
		796613B024A2A8BA00FD5114 /* Frameworks */ = {
			isa = PBXFrameworksBuildPhase;
			buildActionMask = 2147483647;
			files = (
			);
			runOnlyForDeploymentPostprocessing = 0;
		};
		796613BB24A2A8BA00FD5114 /* Frameworks */ = {
			isa = PBXFrameworksBuildPhase;
			buildActionMask = 2147483647;
			files = (
			);
			runOnlyForDeploymentPostprocessing = 0;
		};
/* End PBXFrameworksBuildPhase section */

/* Begin PBXGroup section */
		7966138F24A2A8B800FD5114 = {
			isa = PBXGroup;
			children = (
				7966139A24A2A8B800FD5114 /* Tippy */,
				796613B624A2A8BA00FD5114 /* TippyTests */,
				796613C124A2A8BA00FD5114 /* TippyUITests */,
				7966139924A2A8B800FD5114 /* Products */,
			);
			sourceTree = "<group>";
		};
		7966139924A2A8B800FD5114 /* Products */ = {
			isa = PBXGroup;
			children = (
				7966139824A2A8B800FD5114 /* Tippy.app */,
				796613B324A2A8BA00FD5114 /* TippyTests.xctest */,
				796613BE24A2A8BA00FD5114 /* TippyUITests.xctest */,
			);
			name = Products;
			sourceTree = "<group>";
		};
		7966139A24A2A8B800FD5114 /* Tippy */ = {
			isa = PBXGroup;
			children = (
				7966139B24A2A8B800FD5114 /* AppDelegate.h */,
				7966139C24A2A8B800FD5114 /* AppDelegate.m */,
				7966139E24A2A8B800FD5114 /* SceneDelegate.h */,
				7966139F24A2A8B800FD5114 /* SceneDelegate.m */,
				796613A124A2A8B800FD5114 /* ViewController.h */,
				796613A224A2A8B800FD5114 /* ViewController.m */,
				796613A424A2A8B800FD5114 /* Main.storyboard */,
				796613A724A2A8BA00FD5114 /* Assets.xcassets */,
				796613A924A2A8BA00FD5114 /* LaunchScreen.storyboard */,
				796613AC24A2A8BA00FD5114 /* Info.plist */,
				796613AD24A2A8BA00FD5114 /* main.m */,
			);
			path = Tippy;
			sourceTree = "<group>";
		};
		796613B624A2A8BA00FD5114 /* TippyTests */ = {
			isa = PBXGroup;
			children = (
				796613B724A2A8BA00FD5114 /* TippyTests.m */,
				796613B924A2A8BA00FD5114 /* Info.plist */,
			);
			path = TippyTests;
			sourceTree = "<group>";
		};
		796613C124A2A8BA00FD5114 /* TippyUITests */ = {
			isa = PBXGroup;
			children = (
				796613C224A2A8BA00FD5114 /* TippyUITests.m */,
				796613C424A2A8BA00FD5114 /* Info.plist */,
			);
			path = TippyUITests;
			sourceTree = "<group>";
		};
/* End PBXGroup section */

/* Begin PBXNativeTarget section */
		7966139724A2A8B800FD5114 /* Tippy */ = {
			isa = PBXNativeTarget;
			buildConfigurationList = 796613C724A2A8BA00FD5114 /* Build configuration list for PBXNativeTarget "Tippy" */;
			buildPhases = (
				7966139424A2A8B800FD5114 /* Sources */,
				7966139524A2A8B800FD5114 /* Frameworks */,
				7966139624A2A8B800FD5114 /* Resources */,
			);
			buildRules = (
			);
			dependencies = (
			);
			name = Tippy;
			productName = Tippy;
			productReference = 7966139824A2A8B800FD5114 /* Tippy.app */;
			productType = "com.apple.product-type.application";
		};
		796613B224A2A8BA00FD5114 /* TippyTests */ = {
			isa = PBXNativeTarget;
			buildConfigurationList = 796613CA24A2A8BA00FD5114 /* Build configuration list for PBXNativeTarget "TippyTests" */;
			buildPhases = (
				796613AF24A2A8BA00FD5114 /* Sources */,
				796613B024A2A8BA00FD5114 /* Frameworks */,
				796613B124A2A8BA00FD5114 /* Resources */,
			);
			buildRules = (
			);
			dependencies = (
				796613B524A2A8BA00FD5114 /* PBXTargetDependency */,
			);
			name = TippyTests;
			productName = TippyTests;
			productReference = 796613B324A2A8BA00FD5114 /* TippyTests.xctest */;
			productType = "com.apple.product-type.bundle.unit-test";
		};
		796613BD24A2A8BA00FD5114 /* TippyUITests */ = {
			isa = PBXNativeTarget;
			buildConfigurationList = 796613CD24A2A8BA00FD5114 /* Build configuration list for PBXNativeTarget "TippyUITests" */;
			buildPhases = (
				796613BA24A2A8BA00FD5114 /* Sources */,
				796613BB24A2A8BA00FD5114 /* Frameworks */,
				796613BC24A2A8BA00FD5114 /* Resources */,
			);
			buildRules = (
			);
			dependencies = (
				796613C024A2A8BA00FD5114 /* PBXTargetDependency */,
			);
			name = TippyUITests;
			productName = TippyUITests;
			productReference = 796613BE24A2A8BA00FD5114 /* TippyUITests.xctest */;
			productType = "com.apple.product-type.bundle.ui-testing";
		};
/* End PBXNativeTarget section */

/* Begin PBXProject section */
		7966139024A2A8B800FD5114 /* Project object */ = {
			isa = PBXProject;
			attributes = {
				LastUpgradeCheck = 1150;
				ORGANIZATIONNAME = "Julie Herrick";
				TargetAttributes = {
					7966139724A2A8B800FD5114 = {
						CreatedOnToolsVersion = 11.5;
					};
					796613B224A2A8BA00FD5114 = {
						CreatedOnToolsVersion = 11.5;
						TestTargetID = 7966139724A2A8B800FD5114;
					};
					796613BD24A2A8BA00FD5114 = {
						CreatedOnToolsVersion = 11.5;
						TestTargetID = 7966139724A2A8B800FD5114;
					};
				};
			};
			buildConfigurationList = 7966139324A2A8B800FD5114 /* Build configuration list for PBXProject "Tippy" */;
			compatibilityVersion = "Xcode 9.3";
			developmentRegion = en;
			hasScannedForEncodings = 0;
			knownRegions = (
				en,
				Base,
			);
			mainGroup = 7966138F24A2A8B800FD5114;
			productRefGroup = 7966139924A2A8B800FD5114 /* Products */;
			projectDirPath = "";
			projectRoot = "";
			targets = (
				7966139724A2A8B800FD5114 /* Tippy */,
				796613B224A2A8BA00FD5114 /* TippyTests */,
				796613BD24A2A8BA00FD5114 /* TippyUITests */,
			);
		};
/* End PBXProject section */

/* Begin PBXResourcesBuildPhase section */
		7966139624A2A8B800FD5114 /* Resources */ = {
			isa = PBXResourcesBuildPhase;
			buildActionMask = 2147483647;
			files = (
				796613AB24A2A8BA00FD5114 /* LaunchScreen.storyboard in Resources */,
				796613A824A2A8BA00FD5114 /* Assets.xcassets in Resources */,
				796613A624A2A8B800FD5114 /* Main.storyboard in Resources */,
			);
			runOnlyForDeploymentPostprocessing = 0;
		};
		796613B124A2A8BA00FD5114 /* Resources */ = {
			isa = PBXResourcesBuildPhase;
			buildActionMask = 2147483647;
			files = (
			);
			runOnlyForDeploymentPostprocessing = 0;
		};
		796613BC24A2A8BA00FD5114 /* Resources */ = {
			isa = PBXResourcesBuildPhase;
			buildActionMask = 2147483647;
			files = (
			);
			runOnlyForDeploymentPostprocessing = 0;
		};
/* End PBXResourcesBuildPhase section */

/* Begin PBXSourcesBuildPhase section */
		7966139424A2A8B800FD5114 /* Sources */ = {
			isa = PBXSourcesBuildPhase;
			buildActionMask = 2147483647;
			files = (
				796613A324A2A8B800FD5114 /* ViewController.m in Sources */,
				7966139D24A2A8B800FD5114 /* AppDelegate.m in Sources */,
				796613AE24A2A8BA00FD5114 /* main.m in Sources */,
				796613A024A2A8B800FD5114 /* SceneDelegate.m in Sources */,
			);
			runOnlyForDeploymentPostprocessing = 0;
		};
		796613AF24A2A8BA00FD5114 /* Sources */ = {
			isa = PBXSourcesBuildPhase;
			buildActionMask = 2147483647;
			files = (
				796613B824A2A8BA00FD5114 /* TippyTests.m in Sources */,
			);
			runOnlyForDeploymentPostprocessing = 0;
		};
		796613BA24A2A8BA00FD5114 /* Sources */ = {
			isa = PBXSourcesBuildPhase;
			buildActionMask = 2147483647;
			files = (
				796613C324A2A8BA00FD5114 /* TippyUITests.m in Sources */,
			);
			runOnlyForDeploymentPostprocessing = 0;
		};
/* End PBXSourcesBuildPhase section */

/* Begin PBXTargetDependency section */
		796613B524A2A8BA00FD5114 /* PBXTargetDependency */ = {
			isa = PBXTargetDependency;
			target = 7966139724A2A8B800FD5114 /* Tippy */;
			targetProxy = 796613B424A2A8BA00FD5114 /* PBXContainerItemProxy */;
		};
		796613C024A2A8BA00FD5114 /* PBXTargetDependency */ = {
			isa = PBXTargetDependency;
			target = 7966139724A2A8B800FD5114 /* Tippy */;
			targetProxy = 796613BF24A2A8BA00FD5114 /* PBXContainerItemProxy */;
		};
/* End PBXTargetDependency section */

/* Begin PBXVariantGroup section */
		796613A424A2A8B800FD5114 /* Main.storyboard */ = {
			isa = PBXVariantGroup;
			children = (
				796613A524A2A8B800FD5114 /* Base */,
			);
			name = Main.storyboard;
			sourceTree = "<group>";
		};
		796613A924A2A8BA00FD5114 /* LaunchScreen.storyboard */ = {
			isa = PBXVariantGroup;
			children = (
				796613AA24A2A8BA00FD5114 /* Base */,
			);
			name = LaunchScreen.storyboard;
			sourceTree = "<group>";
		};
/* End PBXVariantGroup section */

/* Begin XCBuildConfiguration section */
		796613C524A2A8BA00FD5114 /* Debug */ = {
			isa = XCBuildConfiguration;
			buildSettings = {
				ALWAYS_SEARCH_USER_PATHS = NO;
				CLANG_ANALYZER_NONNULL = YES;
				CLANG_ANALYZER_NUMBER_OBJECT_CONVERSION = YES_AGGRESSIVE;
				CLANG_CXX_LANGUAGE_STANDARD = "gnu++14";
				CLANG_CXX_LIBRARY = "libc++";
				CLANG_ENABLE_MODULES = YES;
				CLANG_ENABLE_OBJC_ARC = YES;
				CLANG_ENABLE_OBJC_WEAK = YES;
				CLANG_WARN_BLOCK_CAPTURE_AUTORELEASING = YES;
				CLANG_WARN_BOOL_CONVERSION = YES;
				CLANG_WARN_COMMA = YES;
				CLANG_WARN_CONSTANT_CONVERSION = YES;
				CLANG_WARN_DEPRECATED_OBJC_IMPLEMENTATIONS = YES;
				CLANG_WARN_DIRECT_OBJC_ISA_USAGE = YES_ERROR;
				CLANG_WARN_DOCUMENTATION_COMMENTS = YES;
				CLANG_WARN_EMPTY_BODY = YES;
				CLANG_WARN_ENUM_CONVERSION = YES;
				CLANG_WARN_INFINITE_RECURSION = YES;
				CLANG_WARN_INT_CONVERSION = YES;
				CLANG_WARN_NON_LITERAL_NULL_CONVERSION = YES;
				CLANG_WARN_OBJC_IMPLICIT_RETAIN_SELF = YES;
				CLANG_WARN_OBJC_LITERAL_CONVERSION = YES;
				CLANG_WARN_OBJC_ROOT_CLASS = YES_ERROR;
				CLANG_WARN_RANGE_LOOP_ANALYSIS = YES;
				CLANG_WARN_STRICT_PROTOTYPES = YES;
				CLANG_WARN_SUSPICIOUS_MOVE = YES;
				CLANG_WARN_UNGUARDED_AVAILABILITY = YES_AGGRESSIVE;
				CLANG_WARN_UNREACHABLE_CODE = YES;
				CLANG_WARN__DUPLICATE_METHOD_MATCH = YES;
				COPY_PHASE_STRIP = NO;
				DEBUG_INFORMATION_FORMAT = dwarf;
				ENABLE_STRICT_OBJC_MSGSEND = YES;
				ENABLE_TESTABILITY = YES;
				GCC_C_LANGUAGE_STANDARD = gnu11;
				GCC_DYNAMIC_NO_PIC = NO;
				GCC_NO_COMMON_BLOCKS = YES;
				GCC_OPTIMIZATION_LEVEL = 0;
				GCC_PREPROCESSOR_DEFINITIONS = (
					"DEBUG=1",
					"$(inherited)",
				);
				GCC_WARN_64_TO_32_BIT_CONVERSION = YES;
				GCC_WARN_ABOUT_RETURN_TYPE = YES_ERROR;
				GCC_WARN_UNDECLARED_SELECTOR = YES;
				GCC_WARN_UNINITIALIZED_AUTOS = YES_AGGRESSIVE;
				GCC_WARN_UNUSED_FUNCTION = YES;
				GCC_WARN_UNUSED_VARIABLE = YES;
				IPHONEOS_DEPLOYMENT_TARGET = 13.5;
				MTL_ENABLE_DEBUG_INFO = INCLUDE_SOURCE;
				MTL_FAST_MATH = YES;
				ONLY_ACTIVE_ARCH = YES;
				SDKROOT = iphoneos;
			};
			name = Debug;
		};
		796613C624A2A8BA00FD5114 /* Release */ = {
			isa = XCBuildConfiguration;
			buildSettings = {
				ALWAYS_SEARCH_USER_PATHS = NO;
				CLANG_ANALYZER_NONNULL = YES;
				CLANG_ANALYZER_NUMBER_OBJECT_CONVERSION = YES_AGGRESSIVE;
				CLANG_CXX_LANGUAGE_STANDARD = "gnu++14";
				CLANG_CXX_LIBRARY = "libc++";
				CLANG_ENABLE_MODULES = YES;
				CLANG_ENABLE_OBJC_ARC = YES;
				CLANG_ENABLE_OBJC_WEAK = YES;
				CLANG_WARN_BLOCK_CAPTURE_AUTORELEASING = YES;
				CLANG_WARN_BOOL_CONVERSION = YES;
				CLANG_WARN_COMMA = YES;
				CLANG_WARN_CONSTANT_CONVERSION = YES;
				CLANG_WARN_DEPRECATED_OBJC_IMPLEMENTATIONS = YES;
				CLANG_WARN_DIRECT_OBJC_ISA_USAGE = YES_ERROR;
				CLANG_WARN_DOCUMENTATION_COMMENTS = YES;
				CLANG_WARN_EMPTY_BODY = YES;
				CLANG_WARN_ENUM_CONVERSION = YES;
				CLANG_WARN_INFINITE_RECURSION = YES;
				CLANG_WARN_INT_CONVERSION = YES;
				CLANG_WARN_NON_LITERAL_NULL_CONVERSION = YES;
				CLANG_WARN_OBJC_IMPLICIT_RETAIN_SELF = YES;
				CLANG_WARN_OBJC_LITERAL_CONVERSION = YES;
				CLANG_WARN_OBJC_ROOT_CLASS = YES_ERROR;
				CLANG_WARN_RANGE_LOOP_ANALYSIS = YES;
				CLANG_WARN_STRICT_PROTOTYPES = YES;
				CLANG_WARN_SUSPICIOUS_MOVE = YES;
				CLANG_WARN_UNGUARDED_AVAILABILITY = YES_AGGRESSIVE;
				CLANG_WARN_UNREACHABLE_CODE = YES;
				CLANG_WARN__DUPLICATE_METHOD_MATCH = YES;
				COPY_PHASE_STRIP = NO;
				DEBUG_INFORMATION_FORMAT = "dwarf-with-dsym";
				ENABLE_NS_ASSERTIONS = NO;
				ENABLE_STRICT_OBJC_MSGSEND = YES;
				GCC_C_LANGUAGE_STANDARD = gnu11;
				GCC_NO_COMMON_BLOCKS = YES;
				GCC_WARN_64_TO_32_BIT_CONVERSION = YES;
				GCC_WARN_ABOUT_RETURN_TYPE = YES_ERROR;
				GCC_WARN_UNDECLARED_SELECTOR = YES;
				GCC_WARN_UNINITIALIZED_AUTOS = YES_AGGRESSIVE;
				GCC_WARN_UNUSED_FUNCTION = YES;
				GCC_WARN_UNUSED_VARIABLE = YES;
				IPHONEOS_DEPLOYMENT_TARGET = 13.5;
				MTL_ENABLE_DEBUG_INFO = NO;
				MTL_FAST_MATH = YES;
				SDKROOT = iphoneos;
				VALIDATE_PRODUCT = YES;
			};
			name = Release;
		};
		796613C824A2A8BA00FD5114 /* Debug */ = {
			isa = XCBuildConfiguration;
			buildSettings = {
				ASSETCATALOG_COMPILER_APPICON_NAME = AppIcon;
				CODE_SIGN_STYLE = Automatic;
				INFOPLIST_FILE = Tippy/Info.plist;
				LD_RUNPATH_SEARCH_PATHS = (
					"$(inherited)",
					"@executable_path/Frameworks",
				);
				PRODUCT_BUNDLE_IDENTIFIER = com.julieherrick.Tippy;
				PRODUCT_NAME = "$(TARGET_NAME)";
				TARGETED_DEVICE_FAMILY = "1,2";
			};
			name = Debug;
		};
		796613C924A2A8BA00FD5114 /* Release */ = {
			isa = XCBuildConfiguration;
			buildSettings = {
				ASSETCATALOG_COMPILER_APPICON_NAME = AppIcon;
				CODE_SIGN_STYLE = Automatic;
				INFOPLIST_FILE = Tippy/Info.plist;
				LD_RUNPATH_SEARCH_PATHS = (
					"$(inherited)",
					"@executable_path/Frameworks",
				);
				PRODUCT_BUNDLE_IDENTIFIER = com.julieherrick.Tippy;
				PRODUCT_NAME = "$(TARGET_NAME)";
				TARGETED_DEVICE_FAMILY = "1,2";
			};
			name = Release;
		};
		796613CB24A2A8BA00FD5114 /* Debug */ = {
			isa = XCBuildConfiguration;
			buildSettings = {
				BUNDLE_LOADER = "$(TEST_HOST)";
				CODE_SIGN_STYLE = Automatic;
				INFOPLIST_FILE = TippyTests/Info.plist;
				IPHONEOS_DEPLOYMENT_TARGET = 13.5;
				LD_RUNPATH_SEARCH_PATHS = (
					"$(inherited)",
					"@executable_path/Frameworks",
					"@loader_path/Frameworks",
				);
				PRODUCT_BUNDLE_IDENTIFIER = com.julieherrick.TippyTests;
				PRODUCT_NAME = "$(TARGET_NAME)";
				TARGETED_DEVICE_FAMILY = "1,2";
				TEST_HOST = "$(BUILT_PRODUCTS_DIR)/Tippy.app/Tippy";
			};
			name = Debug;
		};
		796613CC24A2A8BA00FD5114 /* Release */ = {
			isa = XCBuildConfiguration;
			buildSettings = {
				BUNDLE_LOADER = "$(TEST_HOST)";
				CODE_SIGN_STYLE = Automatic;
				INFOPLIST_FILE = TippyTests/Info.plist;
				IPHONEOS_DEPLOYMENT_TARGET = 13.5;
				LD_RUNPATH_SEARCH_PATHS = (
					"$(inherited)",
					"@executable_path/Frameworks",
					"@loader_path/Frameworks",
				);
				PRODUCT_BUNDLE_IDENTIFIER = com.julieherrick.TippyTests;
				PRODUCT_NAME = "$(TARGET_NAME)";
				TARGETED_DEVICE_FAMILY = "1,2";
				TEST_HOST = "$(BUILT_PRODUCTS_DIR)/Tippy.app/Tippy";
			};
			name = Release;
		};
		796613CE24A2A8BA00FD5114 /* Debug */ = {
			isa = XCBuildConfiguration;
			buildSettings = {
				CODE_SIGN_STYLE = Automatic;
				INFOPLIST_FILE = TippyUITests/Info.plist;
				LD_RUNPATH_SEARCH_PATHS = (
					"$(inherited)",
					"@executable_path/Frameworks",
					"@loader_path/Frameworks",
				);
				PRODUCT_BUNDLE_IDENTIFIER = com.julieherrick.TippyUITests;
				PRODUCT_NAME = "$(TARGET_NAME)";
				TARGETED_DEVICE_FAMILY = "1,2";
				TEST_TARGET_NAME = Tippy;
			};
			name = Debug;
		};
		796613CF24A2A8BA00FD5114 /* Release */ = {
			isa = XCBuildConfiguration;
			buildSettings = {
				CODE_SIGN_STYLE = Automatic;
				INFOPLIST_FILE = TippyUITests/Info.plist;
				LD_RUNPATH_SEARCH_PATHS = (
					"$(inherited)",
					"@executable_path/Frameworks",
					"@loader_path/Frameworks",
				);
				PRODUCT_BUNDLE_IDENTIFIER = com.julieherrick.TippyUITests;
				PRODUCT_NAME = "$(TARGET_NAME)";
				TARGETED_DEVICE_FAMILY = "1,2";
				TEST_TARGET_NAME = Tippy;
			};
			name = Release;
		};
/* End XCBuildConfiguration section */

/* Begin XCConfigurationList section */
		7966139324A2A8B800FD5114 /* Build configuration list for PBXProject "Tippy" */ = {
			isa = XCConfigurationList;
			buildConfigurations = (
				796613C524A2A8BA00FD5114 /* Debug */,
				796613C624A2A8BA00FD5114 /* Release */,
			);
			defaultConfigurationIsVisible = 0;
			defaultConfigurationName = Release;
		};
		796613C724A2A8BA00FD5114 /* Build configuration list for PBXNativeTarget "Tippy" */ = {
			isa = XCConfigurationList;
			buildConfigurations = (
				796613C824A2A8BA00FD5114 /* Debug */,
				796613C924A2A8BA00FD5114 /* Release */,
			);
			defaultConfigurationIsVisible = 0;
			defaultConfigurationName = Release;
		};
		796613CA24A2A8BA00FD5114 /* Build configuration list for PBXNativeTarget "TippyTests" */ = {
			isa = XCConfigurationList;
			buildConfigurations = (
				796613CB24A2A8BA00FD5114 /* Debug */,
				796613CC24A2A8BA00FD5114 /* Release */,
			);
			defaultConfigurationIsVisible = 0;
			defaultConfigurationName = Release;
		};
		796613CD24A2A8BA00FD5114 /* Build configuration list for PBXNativeTarget "TippyUITests" */ = {
			isa = XCConfigurationList;
			buildConfigurations = (
				796613CE24A2A8BA00FD5114 /* Debug */,
				796613CF24A2A8BA00FD5114 /* Release */,
			);
			defaultConfigurationIsVisible = 0;
			defaultConfigurationName = Release;
		};
/* End XCConfigurationList section */
	};
	rootObject = 7966139024A2A8B800FD5114 /* Project object */;
}
